schema: '2.0'
stages:
  prepare_data:
    cmd: Rscript prepare_data.R
    deps:
    - path: data/train.csv
      md5: 38d8ca74676e1be914a84d2ae3696318
      size: 318733334
    - path: prepare_data.R
      md5: 2d63b3422d357405eed1099df68a9ec0
      size: 573
    outs:
    - path: outputs/train_fold.rds
      md5: 82738453acbf726e4d52d784101ef7f7
      size: 4862776
    - path: outputs/validation_fold.rds
      md5: 1782ca18d8d72bd1d8b2e79729474e50
      size: 38803441
  train_model:
    cmd: Rscript train_model.R
    deps:
    - path: outputs/train_fold.rds
      md5: 82738453acbf726e4d52d784101ef7f7
      size: 4862776
    - path: outputs/validation_fold.rds
      md5: 1782ca18d8d72bd1d8b2e79729474e50
      size: 38803441
    - path: train_model.R
      md5: b051f853a5f6e5c7d07ccf07cb5d1cb0
      size: 875
    outs:
    - path: accuracy.txt
      md5: e985c300705ef73f2a0bf0ed96e216df
      size: 6
    - path: outputs/model.rds
      md5: 2a8daf75846f1f07d43dfe691458b6b1
      size: 96706
