schema: '2.0'
stages:
  prepare_data:
    cmd: Rscript prepare_data.R
    deps:
    - path: data/train.csv
      md5: 38d8ca74676e1be914a84d2ae3696318
      size: 318733334
    - path: prepare_data.R
      md5: 375f6246f893a1fc3e4f97c94919383f
      size: 588
    outs:
    - path: outputs/train_fold.rds
      md5: 9917f739469a1eab0db4515211435d26
      size: 5631547
    - path: outputs/validation_fold.rds
      md5: 7f52382cd956a1bbf8bb31c5815faacd
      size: 44942922
  train_model:
    cmd: Rscript train_model.R
    deps:
    - path: outputs/train_fold.rds
      md5: 9917f739469a1eab0db4515211435d26
      size: 5631547
    - path: outputs/validation_fold.rds
      md5: 7f52382cd956a1bbf8bb31c5815faacd
      size: 44942922
    - path: train_model.R
      md5: b051f853a5f6e5c7d07ccf07cb5d1cb0
      size: 875
    outs:
    - path: accuracy.txt
      md5: e985c300705ef73f2a0bf0ed96e216df
      size: 6
    - path: outputs/model.rds
      md5: f6b4fcfeef4d67ea4c241ff1c491d8a3
      size: 96800
